
Microsoft Visual Studio Solution File, Format Version 12.00
# Visual Studio Version 17
VisualStudioVersion = 17.2.32630.192
MinimumVisualStudioVersion = 10.0.40219.1
Project("{FAE04EC0-301F-11D3-BF4B-00C04F79EFBC}") = "WebApiAutores", "WebApiAutores.csproj", "{C3B0F6EB-7B9A-4839-A164-E47C61E74D28}"
EndProject
Global
	GlobalSection(SolutionConfigurationPlatforms) = preSolution
		Debug|Any CPU = Debug|Any CPU
		Release|Any CPU = Release|Any CPU
	EndGlobalSection
	GlobalSection(ProjectConfigurationPlatforms) = postSolution
		{C3B0F6EB-7B9A-4839-A164-E47C61E74D28}.Debug|Any CPU.ActiveCfg = Debug|Any CPU
		{C3B0F6EB-7B9A-4839-A164-E47C61E74D28}.Debug|Any CPU.Build.0 = Debug|Any CPU
		{C3B0F6EB-7B9A-4839-A164-E47C61E74D28}.Release|Any CPU.ActiveCfg = Release|Any CPU
		{C3B0F6EB-7B9A-4839-A164-E47C61E74D28}.Release|Any CPU.Build.0 = Release|Any CPU
	EndGlobalSection
	GlobalSection(SolutionProperties) = preSolution
		HideSolutionNode = FALSE
	EndGlobalSection
	GlobalSection(ExtensibilityGlobals) = postSolution
		SolutionGuid = {B931E96D-6336-424C-A3A7-9B08E25D3475}
	EndGlobalSection
EndGlobal
